
Microsoft Visual Studio Solution File, Format Version 12.00
# Visual Studio Version 17
VisualStudioVersion = 17.3.32819.101
MinimumVisualStudioVersion = 10.0.40219.1
Project("{FAE04EC0-301F-11D3-BF4B-00C04F79EFBC}") = "ShopWeb.API", "src\ShopWeb.API\ShopWeb.API.csproj", "{B52B8366-506A-4F28-84A8-1C79D7FFE7CA}"
EndProject
Project("{FAE04EC0-301F-11D3-BF4B-00C04F79EFBC}") = "ShopWeb.Infra.Data", "src\ShopWeb.Infra.Data\ShopWeb.Infra.Data.csproj", "{79CD23C2-FECB-4802-A456-49345D1C0DA2}"
EndProject
Project("{FAE04EC0-301F-11D3-BF4B-00C04F79EFBC}") = "ShopWeb.Domain", "src\ShopWeb.Domain\ShopWeb.Domain.csproj", "{E6655A71-B3BF-40F9-85C8-8032DCE92092}"
EndProject
Global
	GlobalSection(SolutionConfigurationPlatforms) = preSolution
		Debug|Any CPU = Debug|Any CPU
		Release|Any CPU = Release|Any CPU
	EndGlobalSection
	GlobalSection(ProjectConfigurationPlatforms) = postSolution
		{B52B8366-506A-4F28-84A8-1C79D7FFE7CA}.Debug|Any CPU.ActiveCfg = Debug|Any CPU
		{B52B8366-506A-4F28-84A8-1C79D7FFE7CA}.Debug|Any CPU.Build.0 = Debug|Any CPU
		{B52B8366-506A-4F28-84A8-1C79D7FFE7CA}.Release|Any CPU.ActiveCfg = Release|Any CPU
		{B52B8366-506A-4F28-84A8-1C79D7FFE7CA}.Release|Any CPU.Build.0 = Release|Any CPU
		{79CD23C2-FECB-4802-A456-49345D1C0DA2}.Debug|Any CPU.ActiveCfg = Debug|Any CPU
		{79CD23C2-FECB-4802-A456-49345D1C0DA2}.Debug|Any CPU.Build.0 = Debug|Any CPU
		{79CD23C2-FECB-4802-A456-49345D1C0DA2}.Release|Any CPU.ActiveCfg = Release|Any CPU
		{79CD23C2-FECB-4802-A456-49345D1C0DA2}.Release|Any CPU.Build.0 = Release|Any CPU
		{E6655A71-B3BF-40F9-85C8-8032DCE92092}.Debug|Any CPU.ActiveCfg = Debug|Any CPU
		{E6655A71-B3BF-40F9-85C8-8032DCE92092}.Debug|Any CPU.Build.0 = Debug|Any CPU
		{E6655A71-B3BF-40F9-85C8-8032DCE92092}.Release|Any CPU.ActiveCfg = Release|Any CPU
		{E6655A71-B3BF-40F9-85C8-8032DCE92092}.Release|Any CPU.Build.0 = Release|Any CPU
	EndGlobalSection
	GlobalSection(SolutionProperties) = preSolution
		HideSolutionNode = FALSE
	EndGlobalSection
	GlobalSection(ExtensibilityGlobals) = postSolution
		SolutionGuid = {CAB77B81-10EA-4CD8-80EC-EF4E5AC60FE6}
	EndGlobalSection
EndGlobal
